// !$*UTF8*$!
{
	archiveVersion = 1;
	classes = {
	};
	objectVersion = 56;
	objects = {

/* Begin PBXBuildFile section */
		12102C0F29CC1E6900721462 /* GreenAVPlayerApp.swift in Sources */ = {isa = PBXBuildFile; fileRef = 12102C0E29CC1E6900721462 /* GreenAVPlayerApp.swift */; };
		12102C1129CC1E6900721462 /* VideoPlayerView.swift in Sources */ = {isa = PBXBuildFile; fileRef = 12102C1029CC1E6900721462 /* VideoPlayerView.swift */; };
		12102C1329CC1E6A00721462 /* Assets.xcassets in Resources */ = {isa = PBXBuildFile; fileRef = 12102C1229CC1E6A00721462 /* Assets.xcassets */; };
		12102C1629CC1E6A00721462 /* Preview Assets.xcassets in Resources */ = {isa = PBXBuildFile; fileRef = 12102C1529CC1E6A00721462 /* Preview Assets.xcassets */; };
		12102C1E29CC1E9500721462 /* GreenVideoPlayer.swift in Sources */ = {isa = PBXBuildFile; fileRef = 12102C1D29CC1E9500721462 /* GreenVideoPlayer.swift */; };
		12102C2229CC1F7100721462 /* GreenVideoPlayerViewModel.swift in Sources */ = {isa = PBXBuildFile; fileRef = 12102C2129CC1F7100721462 /* GreenVideoPlayerViewModel.swift */; };
		12102C2429CC1F7700721462 /* Media.swift in Sources */ = {isa = PBXBuildFile; fileRef = 12102C2329CC1F7700721462 /* Media.swift */; };
		12102C2629CC1F7D00721462 /* PipStatus.swift in Sources */ = {isa = PBXBuildFile; fileRef = 12102C2529CC1F7D00721462 /* PipStatus.swift */; };
		12102C2829CC1FDB00721462 /* VideoPlayerViewModel.swift in Sources */ = {isa = PBXBuildFile; fileRef = 12102C2729CC1FDB00721462 /* VideoPlayerViewModel.swift */; };
/* End PBXBuildFile section */

/* Begin PBXFileReference section */
		12102C0B29CC1E6900721462 /* GreenAVPlayer.app */ = {isa = PBXFileReference; explicitFileType = wrapper.application; includeInIndex = 0; path = GreenAVPlayer.app; sourceTree = BUILT_PRODUCTS_DIR; };
		12102C0E29CC1E6900721462 /* GreenAVPlayerApp.swift */ = {isa = PBXFileReference; lastKnownFileType = sourcecode.swift; path = GreenAVPlayerApp.swift; sourceTree = "<group>"; };
		12102C1029CC1E6900721462 /* VideoPlayerView.swift */ = {isa = PBXFileReference; lastKnownFileType = sourcecode.swift; path = VideoPlayerView.swift; sourceTree = "<group>"; };
		12102C1229CC1E6A00721462 /* Assets.xcassets */ = {isa = PBXFileReference; lastKnownFileType = folder.assetcatalog; path = Assets.xcassets; sourceTree = "<group>"; };
		12102C1529CC1E6A00721462 /* Preview Assets.xcassets */ = {isa = PBXFileReference; lastKnownFileType = folder.assetcatalog; path = "Preview Assets.xcassets"; sourceTree = "<group>"; };
		12102C1D29CC1E9500721462 /* GreenVideoPlayer.swift */ = {isa = PBXFileReference; lastKnownFileType = sourcecode.swift; path = GreenVideoPlayer.swift; sourceTree = "<group>"; };
		12102C1F29CC1F4F00721462 /* Info.plist */ = {isa = PBXFileReference; lastKnownFileType = text.plist; path = Info.plist; sourceTree = "<group>"; };
		12102C2129CC1F7100721462 /* GreenVideoPlayerViewModel.swift */ = {isa = PBXFileReference; lastKnownFileType = sourcecode.swift; path = GreenVideoPlayerViewModel.swift; sourceTree = "<group>"; };
		12102C2329CC1F7700721462 /* Media.swift */ = {isa = PBXFileReference; lastKnownFileType = sourcecode.swift; path = Media.swift; sourceTree = "<group>"; };
		12102C2529CC1F7D00721462 /* PipStatus.swift */ = {isa = PBXFileReference; lastKnownFileType = sourcecode.swift; path = PipStatus.swift; sourceTree = "<group>"; };
		12102C2729CC1FDB00721462 /* VideoPlayerViewModel.swift */ = {isa = PBXFileReference; lastKnownFileType = sourcecode.swift; path = VideoPlayerViewModel.swift; sourceTree = "<group>"; };
/* End PBXFileReference section */

/* Begin PBXFrameworksBuildPhase section */
		12102C0829CC1E6900721462 /* Frameworks */ = {
			isa = PBXFrameworksBuildPhase;
			buildActionMask = 2147483647;
			files = (
			);
			runOnlyForDeploymentPostprocessing = 0;
		};
/* End PBXFrameworksBuildPhase section */

/* Begin PBXGroup section */
		12102C0229CC1E6900721462 = {
			isa = PBXGroup;
			children = (
				12102C0D29CC1E6900721462 /* GreenAVPlayer */,
				12102C0C29CC1E6900721462 /* Products */,
			);
			sourceTree = "<group>";
		};
		12102C0C29CC1E6900721462 /* Products */ = {
			isa = PBXGroup;
			children = (
				12102C0B29CC1E6900721462 /* GreenAVPlayer.app */,
			);
			name = Products;
			sourceTree = "<group>";
		};
		12102C0D29CC1E6900721462 /* GreenAVPlayer */ = {
			isa = PBXGroup;
			children = (
				12102C1F29CC1F4F00721462 /* Info.plist */,
				12102C0E29CC1E6900721462 /* GreenAVPlayerApp.swift */,
				12102C1029CC1E6900721462 /* VideoPlayerView.swift */,
				12102C2729CC1FDB00721462 /* VideoPlayerViewModel.swift */,
				12102C1C29CC1E7B00721462 /* GreenVideoPlayer */,
				12102C1229CC1E6A00721462 /* Assets.xcassets */,
				12102C1429CC1E6A00721462 /* Preview Content */,
			);
			path = GreenAVPlayer;
			sourceTree = "<group>";
		};
		12102C1429CC1E6A00721462 /* Preview Content */ = {
			isa = PBXGroup;
			children = (
				12102C1529CC1E6A00721462 /* Preview Assets.xcassets */,
			);
			path = "Preview Content";
			sourceTree = "<group>";
		};
		12102C1C29CC1E7B00721462 /* GreenVideoPlayer */ = {
			isa = PBXGroup;
			children = (
				12102C1D29CC1E9500721462 /* GreenVideoPlayer.swift */,
				12102C2129CC1F7100721462 /* GreenVideoPlayerViewModel.swift */,
				12102C2329CC1F7700721462 /* Media.swift */,
				12102C2529CC1F7D00721462 /* PipStatus.swift */,
			);
			path = GreenVideoPlayer;
			sourceTree = "<group>";
		};
/* End PBXGroup section */

/* Begin PBXNativeTarget section */
		12102C0A29CC1E6900721462 /* GreenAVPlayer */ = {
			isa = PBXNativeTarget;
			buildConfigurationList = 12102C1929CC1E6A00721462 /* Build configuration list for PBXNativeTarget "GreenAVPlayer" */;
			buildPhases = (
				12102C0729CC1E6900721462 /* Sources */,
				12102C0829CC1E6900721462 /* Frameworks */,
				12102C0929CC1E6900721462 /* Resources */,
			);
			buildRules = (
			);
			dependencies = (
			);
			name = GreenAVPlayer;
			productName = GreenAVPlayer;
			productReference = 12102C0B29CC1E6900721462 /* GreenAVPlayer.app */;
			productType = "com.apple.product-type.application";
		};
/* End PBXNativeTarget section */

/* Begin PBXProject section */
		12102C0329CC1E6900721462 /* Project object */ = {
			isa = PBXProject;
			attributes = {
				BuildIndependentTargetsInParallel = 1;
				LastSwiftUpdateCheck = 1420;
				LastUpgradeCheck = 1420;
				TargetAttributes = {
					12102C0A29CC1E6900721462 = {
						CreatedOnToolsVersion = 14.2;
					};
				};
			};
			buildConfigurationList = 12102C0629CC1E6900721462 /* Build configuration list for PBXProject "GreenAVPlayer" */;
			compatibilityVersion = "Xcode 14.0";
			developmentRegion = en;
			hasScannedForEncodings = 0;
			knownRegions = (
				en,
				Base,
			);
			mainGroup = 12102C0229CC1E6900721462;
			productRefGroup = 12102C0C29CC1E6900721462 /* Products */;
			projectDirPath = "";
			projectRoot = "";
			targets = (
				12102C0A29CC1E6900721462 /* GreenAVPlayer */,
			);
		};
/* End PBXProject section */

/* Begin PBXResourcesBuildPhase section */
		12102C0929CC1E6900721462 /* Resources */ = {
			isa = PBXResourcesBuildPhase;
			buildActionMask = 2147483647;
			files = (
				12102C1629CC1E6A00721462 /* Preview Assets.xcassets in Resources */,
				12102C1329CC1E6A00721462 /* Assets.xcassets in Resources */,
			);
			runOnlyForDeploymentPostprocessing = 0;
		};
/* End PBXResourcesBuildPhase section */

/* Begin PBXSourcesBuildPhase section */
		12102C0729CC1E6900721462 /* Sources */ = {
			isa = PBXSourcesBuildPhase;
			buildActionMask = 2147483647;
			files = (
				12102C2829CC1FDB00721462 /* VideoPlayerViewModel.swift in Sources */,
				12102C1129CC1E6900721462 /* VideoPlayerView.swift in Sources */,
				12102C2629CC1F7D00721462 /* PipStatus.swift in Sources */,
				12102C1E29CC1E9500721462 /* GreenVideoPlayer.swift in Sources */,
				12102C0F29CC1E6900721462 /* GreenAVPlayerApp.swift in Sources */,
				12102C2229CC1F7100721462 /* GreenVideoPlayerViewModel.swift in Sources */,
				12102C2429CC1F7700721462 /* Media.swift in Sources */,
			);
			runOnlyForDeploymentPostprocessing = 0;
		};
/* End PBXSourcesBuildPhase section */

/* Begin XCBuildConfiguration section */
		12102C1729CC1E6A00721462 /* Debug */ = {
			isa = XCBuildConfiguration;
			buildSettings = {
				ALWAYS_SEARCH_USER_PATHS = NO;
				CLANG_ANALYZER_NONNULL = YES;
				CLANG_ANALYZER_NUMBER_OBJECT_CONVERSION = YES_AGGRESSIVE;
				CLANG_CXX_LANGUAGE_STANDARD = "gnu++20";
				CLANG_ENABLE_MODULES = YES;
				CLANG_ENABLE_OBJC_ARC = YES;
				CLANG_ENABLE_OBJC_WEAK = YES;
				CLANG_WARN_BLOCK_CAPTURE_AUTORELEASING = YES;
				CLANG_WARN_BOOL_CONVERSION = YES;
				CLANG_WARN_COMMA = YES;
				CLANG_WARN_CONSTANT_CONVERSION = YES;
				CLANG_WARN_DEPRECATED_OBJC_IMPLEMENTATIONS = YES;
				CLANG_WARN_DIRECT_OBJC_ISA_USAGE = YES_ERROR;
				CLANG_WARN_DOCUMENTATION_COMMENTS = YES;
				CLANG_WARN_EMPTY_BODY = YES;
				CLANG_WARN_ENUM_CONVERSION = YES;
				CLANG_WARN_INFINITE_RECURSION = YES;
				CLANG_WARN_INT_CONVERSION = YES;
				CLANG_WARN_NON_LITERAL_NULL_CONVERSION = YES;
				CLANG_WARN_OBJC_IMPLICIT_RETAIN_SELF = YES;
				CLANG_WARN_OBJC_LITERAL_CONVERSION = YES;
				CLANG_WARN_OBJC_ROOT_CLASS = YES_ERROR;
				CLANG_WARN_QUOTED_INCLUDE_IN_FRAMEWORK_HEADER = YES;
				CLANG_WARN_RANGE_LOOP_ANALYSIS = YES;
				CLANG_WARN_STRICT_PROTOTYPES = YES;
				CLANG_WARN_SUSPICIOUS_MOVE = YES;
				CLANG_WARN_UNGUARDED_AVAILABILITY = YES_AGGRESSIVE;
				CLANG_WARN_UNREACHABLE_CODE = YES;
				CLANG_WARN__DUPLICATE_METHOD_MATCH = YES;
				COPY_PHASE_STRIP = NO;
				DEBUG_INFORMATION_FORMAT = dwarf;
				ENABLE_STRICT_OBJC_MSGSEND = YES;
				ENABLE_TESTABILITY = YES;
				GCC_C_LANGUAGE_STANDARD = gnu11;
				GCC_DYNAMIC_NO_PIC = NO;
				GCC_NO_COMMON_BLOCKS = YES;
				GCC_OPTIMIZATION_LEVEL = 0;
				GCC_PREPROCESSOR_DEFINITIONS = (
					"DEBUG=1",
					"$(inherited)",
				);
				GCC_WARN_64_TO_32_BIT_CONVERSION = YES;
				GCC_WARN_ABOUT_RETURN_TYPE = YES_ERROR;
				GCC_WARN_UNDECLARED_SELECTOR = YES;
				GCC_WARN_UNINITIALIZED_AUTOS = YES_AGGRESSIVE;
				GCC_WARN_UNUSED_FUNCTION = YES;
				GCC_WARN_UNUSED_VARIABLE = YES;
				IPHONEOS_DEPLOYMENT_TARGET = 16.2;
				MTL_ENABLE_DEBUG_INFO = INCLUDE_SOURCE;
				MTL_FAST_MATH = YES;
				ONLY_ACTIVE_ARCH = YES;
				SDKROOT = iphoneos;
				SWIFT_ACTIVE_COMPILATION_CONDITIONS = DEBUG;
				SWIFT_OPTIMIZATION_LEVEL = "-Onone";
			};
			name = Debug;
		};
		12102C1829CC1E6A00721462 /* Release */ = {
			isa = XCBuildConfiguration;
			buildSettings = {
				ALWAYS_SEARCH_USER_PATHS = NO;
				CLANG_ANALYZER_NONNULL = YES;
				CLANG_ANALYZER_NUMBER_OBJECT_CONVERSION = YES_AGGRESSIVE;
				CLANG_CXX_LANGUAGE_STANDARD = "gnu++20";
				CLANG_ENABLE_MODULES = YES;
				CLANG_ENABLE_OBJC_ARC = YES;
				CLANG_ENABLE_OBJC_WEAK = YES;
				CLANG_WARN_BLOCK_CAPTURE_AUTORELEASING = YES;
				CLANG_WARN_BOOL_CONVERSION = YES;
				CLANG_WARN_COMMA = YES;
				CLANG_WARN_CONSTANT_CONVERSION = YES;
				CLANG_WARN_DEPRECATED_OBJC_IMPLEMENTATIONS = YES;
				CLANG_WARN_DIRECT_OBJC_ISA_USAGE = YES_ERROR;
				CLANG_WARN_DOCUMENTATION_COMMENTS = YES;
				CLANG_WARN_EMPTY_BODY = YES;
				CLANG_WARN_ENUM_CONVERSION = YES;
				CLANG_WARN_INFINITE_RECURSION = YES;
				CLANG_WARN_INT_CONVERSION = YES;
				CLANG_WARN_NON_LITERAL_NULL_CONVERSION = YES;
				CLANG_WARN_OBJC_IMPLICIT_RETAIN_SELF = YES;
				CLANG_WARN_OBJC_LITERAL_CONVERSION = YES;
				CLANG_WARN_OBJC_ROOT_CLASS = YES_ERROR;
				CLANG_WARN_QUOTED_INCLUDE_IN_FRAMEWORK_HEADER = YES;
				CLANG_WARN_RANGE_LOOP_ANALYSIS = YES;
				CLANG_WARN_STRICT_PROTOTYPES = YES;
				CLANG_WARN_SUSPICIOUS_MOVE = YES;
				CLANG_WARN_UNGUARDED_AVAILABILITY = YES_AGGRESSIVE;
				CLANG_WARN_UNREACHABLE_CODE = YES;
				CLANG_WARN__DUPLICATE_METHOD_MATCH = YES;
				COPY_PHASE_STRIP = NO;
				DEBUG_INFORMATION_FORMAT = "dwarf-with-dsym";
				ENABLE_NS_ASSERTIONS = NO;
				ENABLE_STRICT_OBJC_MSGSEND = YES;
				GCC_C_LANGUAGE_STANDARD = gnu11;
				GCC_NO_COMMON_BLOCKS = YES;
				GCC_WARN_64_TO_32_BIT_CONVERSION = YES;
				GCC_WARN_ABOUT_RETURN_TYPE = YES_ERROR;
				GCC_WARN_UNDECLARED_SELECTOR = YES;
				GCC_WARN_UNINITIALIZED_AUTOS = YES_AGGRESSIVE;
				GCC_WARN_UNUSED_FUNCTION = YES;
				GCC_WARN_UNUSED_VARIABLE = YES;
				IPHONEOS_DEPLOYMENT_TARGET = 16.2;
				MTL_ENABLE_DEBUG_INFO = NO;
				MTL_FAST_MATH = YES;
				SDKROOT = iphoneos;
				SWIFT_COMPILATION_MODE = wholemodule;
				SWIFT_OPTIMIZATION_LEVEL = "-O";
				VALIDATE_PRODUCT = YES;
			};
			name = Release;
		};
		12102C1A29CC1E6A00721462 /* Debug */ = {
			isa = XCBuildConfiguration;
			buildSettings = {
				ASSETCATALOG_COMPILER_APPICON_NAME = AppIcon;
				ASSETCATALOG_COMPILER_GLOBAL_ACCENT_COLOR_NAME = AccentColor;
				CODE_SIGN_STYLE = Automatic;
				CURRENT_PROJECT_VERSION = 1;
				DEVELOPMENT_ASSET_PATHS = "\"GreenAVPlayer/Preview Content\"";
				DEVELOPMENT_TEAM = JJPXPHW2TN;
				ENABLE_PREVIEWS = YES;
				GENERATE_INFOPLIST_FILE = YES;
				INFOPLIST_FILE = GreenAVPlayer/Info.plist;
				INFOPLIST_KEY_UIApplicationSceneManifest_Generation = YES;
				INFOPLIST_KEY_UIApplicationSupportsIndirectInputEvents = YES;
				INFOPLIST_KEY_UILaunchScreen_Generation = YES;
				INFOPLIST_KEY_UISupportedInterfaceOrientations_iPad = "UIInterfaceOrientationPortrait UIInterfaceOrientationPortraitUpsideDown UIInterfaceOrientationLandscapeLeft UIInterfaceOrientationLandscapeRight";
				INFOPLIST_KEY_UISupportedInterfaceOrientations_iPhone = "UIInterfaceOrientationPortrait UIInterfaceOrientationLandscapeLeft UIInterfaceOrientationLandscapeRight";
				LD_RUNPATH_SEARCH_PATHS = (
					"$(inherited)",
					"@executable_path/Frameworks",
				);
				MARKETING_VERSION = 1.0;
				PRODUCT_BUNDLE_IDENTIFIER = com.green.GreenAVPlayer;
				PRODUCT_NAME = "$(TARGET_NAME)";
				SWIFT_EMIT_LOC_STRINGS = YES;
				SWIFT_VERSION = 5.0;
				TARGETED_DEVICE_FAMILY = "1,2";
			};
			name = Debug;
		};
		12102C1B29CC1E6A00721462 /* Release */ = {
			isa = XCBuildConfiguration;
			buildSettings = {
				ASSETCATALOG_COMPILER_APPICON_NAME = AppIcon;
				ASSETCATALOG_COMPILER_GLOBAL_ACCENT_COLOR_NAME = AccentColor;
				CODE_SIGN_STYLE = Automatic;
				CURRENT_PROJECT_VERSION = 1;
				DEVELOPMENT_ASSET_PATHS = "\"GreenAVPlayer/Preview Content\"";
				DEVELOPMENT_TEAM = JJPXPHW2TN;
				ENABLE_PREVIEWS = YES;
				GENERATE_INFOPLIST_FILE = YES;
				INFOPLIST_FILE = GreenAVPlayer/Info.plist;
				INFOPLIST_KEY_UIApplicationSceneManifest_Generation = YES;
				INFOPLIST_KEY_UIApplicationSupportsIndirectInputEvents = YES;
				INFOPLIST_KEY_UILaunchScreen_Generation = YES;
				INFOPLIST_KEY_UISupportedInterfaceOrientations_iPad = "UIInterfaceOrientationPortrait UIInterfaceOrientationPortraitUpsideDown UIInterfaceOrientationLandscapeLeft UIInterfaceOrientationLandscapeRight";
				INFOPLIST_KEY_UISupportedInterfaceOrientations_iPhone = "UIInterfaceOrientationPortrait UIInterfaceOrientationLandscapeLeft UIInterfaceOrientationLandscapeRight";
				LD_RUNPATH_SEARCH_PATHS = (
					"$(inherited)",
					"@executable_path/Frameworks",
				);
				MARKETING_VERSION = 1.0;
				PRODUCT_BUNDLE_IDENTIFIER = com.green.GreenAVPlayer;
				PRODUCT_NAME = "$(TARGET_NAME)";
				SWIFT_EMIT_LOC_STRINGS = YES;
				SWIFT_VERSION = 5.0;
				TARGETED_DEVICE_FAMILY = "1,2";
			};
			name = Release;
		};
/* End XCBuildConfiguration section */

/* Begin XCConfigurationList section */
		12102C0629CC1E6900721462 /* Build configuration list for PBXProject "GreenAVPlayer" */ = {
			isa = XCConfigurationList;
			buildConfigurations = (
				12102C1729CC1E6A00721462 /* Debug */,
				12102C1829CC1E6A00721462 /* Release */,
			);
			defaultConfigurationIsVisible = 0;
			defaultConfigurationName = Release;
		};
		12102C1929CC1E6A00721462 /* Build configuration list for PBXNativeTarget "GreenAVPlayer" */ = {
			isa = XCConfigurationList;
			buildConfigurations = (
				12102C1A29CC1E6A00721462 /* Debug */,
				12102C1B29CC1E6A00721462 /* Release */,
			);
			defaultConfigurationIsVisible = 0;
			defaultConfigurationName = Release;
		};
/* End XCConfigurationList section */
	};
	rootObject = 12102C0329CC1E6900721462 /* Project object */;
}
