// !$*UTF8*$!
{
	archiveVersion = 1;
	classes = {
	};
	objectVersion = 55;
	objects = {

/* Begin PBXBuildFile section */
		123C241828AA2E9D002B1688 /* TCACoordinatorsPracticeApp.swift in Sources */ = {isa = PBXBuildFile; fileRef = 123C241728AA2E9D002B1688 /* TCACoordinatorsPracticeApp.swift */; };
		123C241A28AA2E9D002B1688 /* AppView.swift in Sources */ = {isa = PBXBuildFile; fileRef = 123C241928AA2E9D002B1688 /* AppView.swift */; };
		123C241C28AA2E9E002B1688 /* Assets.xcassets in Resources */ = {isa = PBXBuildFile; fileRef = 123C241B28AA2E9E002B1688 /* Assets.xcassets */; };
		123C241F28AA2E9E002B1688 /* Preview Assets.xcassets in Resources */ = {isa = PBXBuildFile; fileRef = 123C241E28AA2E9E002B1688 /* Preview Assets.xcassets */; };
		123C242A28AA2F1F002B1688 /* TCACoordinators in Frameworks */ = {isa = PBXBuildFile; productRef = 123C242928AA2F1F002B1688 /* TCACoordinators */; };
		123C242C28AA303A002B1688 /* HomeView.swift in Sources */ = {isa = PBXBuildFile; fileRef = 123C242B28AA303A002B1688 /* HomeView.swift */; };
		123C242F28AA3048002B1688 /* HomeCore.swift in Sources */ = {isa = PBXBuildFile; fileRef = 123C242E28AA3048002B1688 /* HomeCore.swift */; };
		123C243128AA3057002B1688 /* DetailView.swift in Sources */ = {isa = PBXBuildFile; fileRef = 123C243028AA3057002B1688 /* DetailView.swift */; };
		123C243328AA3070002B1688 /* DetailCore.swift in Sources */ = {isa = PBXBuildFile; fileRef = 123C243228AA3070002B1688 /* DetailCore.swift */; };
		123C243A28AA35B3002B1688 /* ScreenCore.swift in Sources */ = {isa = PBXBuildFile; fileRef = 123C243928AA35B3002B1688 /* ScreenCore.swift */; };
		123C243C28AA3759002B1688 /* CoordinatorCore.swift in Sources */ = {isa = PBXBuildFile; fileRef = 123C243B28AA3759002B1688 /* CoordinatorCore.swift */; };
		123C243E28AA3762002B1688 /* CoordinatorView.swift in Sources */ = {isa = PBXBuildFile; fileRef = 123C243D28AA3762002B1688 /* CoordinatorView.swift */; };
/* End PBXBuildFile section */

/* Begin PBXFileReference section */
		123C241428AA2E9D002B1688 /* TCACoordinatorsPractice.app */ = {isa = PBXFileReference; explicitFileType = wrapper.application; includeInIndex = 0; path = TCACoordinatorsPractice.app; sourceTree = BUILT_PRODUCTS_DIR; };
		123C241728AA2E9D002B1688 /* TCACoordinatorsPracticeApp.swift */ = {isa = PBXFileReference; lastKnownFileType = sourcecode.swift; path = TCACoordinatorsPracticeApp.swift; sourceTree = "<group>"; };
		123C241928AA2E9D002B1688 /* AppView.swift */ = {isa = PBXFileReference; lastKnownFileType = sourcecode.swift; path = AppView.swift; sourceTree = "<group>"; };
		123C241B28AA2E9E002B1688 /* Assets.xcassets */ = {isa = PBXFileReference; lastKnownFileType = folder.assetcatalog; path = Assets.xcassets; sourceTree = "<group>"; };
		123C241E28AA2E9E002B1688 /* Preview Assets.xcassets */ = {isa = PBXFileReference; lastKnownFileType = folder.assetcatalog; path = "Preview Assets.xcassets"; sourceTree = "<group>"; };
		123C242B28AA303A002B1688 /* HomeView.swift */ = {isa = PBXFileReference; lastKnownFileType = sourcecode.swift; path = HomeView.swift; sourceTree = "<group>"; };
		123C242E28AA3048002B1688 /* HomeCore.swift */ = {isa = PBXFileReference; lastKnownFileType = sourcecode.swift; path = HomeCore.swift; sourceTree = "<group>"; };
		123C243028AA3057002B1688 /* DetailView.swift */ = {isa = PBXFileReference; lastKnownFileType = sourcecode.swift; path = DetailView.swift; sourceTree = "<group>"; };
		123C243228AA3070002B1688 /* DetailCore.swift */ = {isa = PBXFileReference; lastKnownFileType = sourcecode.swift; path = DetailCore.swift; sourceTree = "<group>"; };
		123C243928AA35B3002B1688 /* ScreenCore.swift */ = {isa = PBXFileReference; lastKnownFileType = sourcecode.swift; path = ScreenCore.swift; sourceTree = "<group>"; };
		123C243B28AA3759002B1688 /* CoordinatorCore.swift */ = {isa = PBXFileReference; lastKnownFileType = sourcecode.swift; path = CoordinatorCore.swift; sourceTree = "<group>"; };
		123C243D28AA3762002B1688 /* CoordinatorView.swift */ = {isa = PBXFileReference; lastKnownFileType = sourcecode.swift; path = CoordinatorView.swift; sourceTree = "<group>"; };
/* End PBXFileReference section */

/* Begin PBXFrameworksBuildPhase section */
		123C241128AA2E9D002B1688 /* Frameworks */ = {
			isa = PBXFrameworksBuildPhase;
			buildActionMask = 2147483647;
			files = (
				123C242A28AA2F1F002B1688 /* TCACoordinators in Frameworks */,
			);
			runOnlyForDeploymentPostprocessing = 0;
		};
/* End PBXFrameworksBuildPhase section */

/* Begin PBXGroup section */
		123C240B28AA2E9D002B1688 = {
			isa = PBXGroup;
			children = (
				123C241628AA2E9D002B1688 /* TCACoordinatorsPractice */,
				123C241528AA2E9D002B1688 /* Products */,
			);
			sourceTree = "<group>";
		};
		123C241528AA2E9D002B1688 /* Products */ = {
			isa = PBXGroup;
			children = (
				123C241428AA2E9D002B1688 /* TCACoordinatorsPractice.app */,
			);
			name = Products;
			sourceTree = "<group>";
		};
		123C241628AA2E9D002B1688 /* TCACoordinatorsPractice */ = {
			isa = PBXGroup;
			children = (
				123C241728AA2E9D002B1688 /* TCACoordinatorsPracticeApp.swift */,
				123C241928AA2E9D002B1688 /* AppView.swift */,
				123C243528AA3082002B1688 /* Screen */,
				123C242D28AA303E002B1688 /* Home */,
				123C243428AA3074002B1688 /* Detail */,
				123C241B28AA2E9E002B1688 /* Assets.xcassets */,
				123C241D28AA2E9E002B1688 /* Preview Content */,
			);
			path = TCACoordinatorsPractice;
			sourceTree = "<group>";
		};
		123C241D28AA2E9E002B1688 /* Preview Content */ = {
			isa = PBXGroup;
			children = (
				123C241E28AA2E9E002B1688 /* Preview Assets.xcassets */,
			);
			path = "Preview Content";
			sourceTree = "<group>";
		};
		123C242D28AA303E002B1688 /* Home */ = {
			isa = PBXGroup;
			children = (
				123C242B28AA303A002B1688 /* HomeView.swift */,
				123C242E28AA3048002B1688 /* HomeCore.swift */,
			);
			path = Home;
			sourceTree = "<group>";
		};
		123C243428AA3074002B1688 /* Detail */ = {
			isa = PBXGroup;
			children = (
				123C243028AA3057002B1688 /* DetailView.swift */,
				123C243228AA3070002B1688 /* DetailCore.swift */,
			);
			path = Detail;
			sourceTree = "<group>";
		};
		123C243528AA3082002B1688 /* Screen */ = {
			isa = PBXGroup;
			children = (
				123C243928AA35B3002B1688 /* ScreenCore.swift */,
				123C243B28AA3759002B1688 /* CoordinatorCore.swift */,
				123C243D28AA3762002B1688 /* CoordinatorView.swift */,
			);
			path = Screen;
			sourceTree = "<group>";
		};
/* End PBXGroup section */

/* Begin PBXNativeTarget section */
		123C241328AA2E9D002B1688 /* TCACoordinatorsPractice */ = {
			isa = PBXNativeTarget;
			buildConfigurationList = 123C242228AA2E9E002B1688 /* Build configuration list for PBXNativeTarget "TCACoordinatorsPractice" */;
			buildPhases = (
				123C241028AA2E9D002B1688 /* Sources */,
				123C241128AA2E9D002B1688 /* Frameworks */,
				123C241228AA2E9D002B1688 /* Resources */,
			);
			buildRules = (
			);
			dependencies = (
			);
			name = TCACoordinatorsPractice;
			packageProductDependencies = (
				123C242928AA2F1F002B1688 /* TCACoordinators */,
			);
			productName = TCACoordinatorsPractice;
			productReference = 123C241428AA2E9D002B1688 /* TCACoordinatorsPractice.app */;
			productType = "com.apple.product-type.application";
		};
/* End PBXNativeTarget section */

/* Begin PBXProject section */
		123C240C28AA2E9D002B1688 /* Project object */ = {
			isa = PBXProject;
			attributes = {
				BuildIndependentTargetsInParallel = 1;
				LastSwiftUpdateCheck = 1340;
				LastUpgradeCheck = 1340;
				TargetAttributes = {
					123C241328AA2E9D002B1688 = {
						CreatedOnToolsVersion = 13.4.1;
					};
				};
			};
			buildConfigurationList = 123C240F28AA2E9D002B1688 /* Build configuration list for PBXProject "TCACoordinatorsPractice" */;
			compatibilityVersion = "Xcode 13.0";
			developmentRegion = en;
			hasScannedForEncodings = 0;
			knownRegions = (
				en,
				Base,
			);
			mainGroup = 123C240B28AA2E9D002B1688;
			packageReferences = (
				123C242828AA2F1F002B1688 /* XCRemoteSwiftPackageReference "TCACoordinators" */,
			);
			productRefGroup = 123C241528AA2E9D002B1688 /* Products */;
			projectDirPath = "";
			projectRoot = "";
			targets = (
				123C241328AA2E9D002B1688 /* TCACoordinatorsPractice */,
			);
		};
/* End PBXProject section */

/* Begin PBXResourcesBuildPhase section */
		123C241228AA2E9D002B1688 /* Resources */ = {
			isa = PBXResourcesBuildPhase;
			buildActionMask = 2147483647;
			files = (
				123C241F28AA2E9E002B1688 /* Preview Assets.xcassets in Resources */,
				123C241C28AA2E9E002B1688 /* Assets.xcassets in Resources */,
			);
			runOnlyForDeploymentPostprocessing = 0;
		};
/* End PBXResourcesBuildPhase section */

/* Begin PBXSourcesBuildPhase section */
		123C241028AA2E9D002B1688 /* Sources */ = {
			isa = PBXSourcesBuildPhase;
			buildActionMask = 2147483647;
			files = (
				123C243128AA3057002B1688 /* DetailView.swift in Sources */,
				123C243E28AA3762002B1688 /* CoordinatorView.swift in Sources */,
				123C241A28AA2E9D002B1688 /* AppView.swift in Sources */,
				123C242C28AA303A002B1688 /* HomeView.swift in Sources */,
				123C243A28AA35B3002B1688 /* ScreenCore.swift in Sources */,
				123C241828AA2E9D002B1688 /* TCACoordinatorsPracticeApp.swift in Sources */,
				123C243C28AA3759002B1688 /* CoordinatorCore.swift in Sources */,
				123C242F28AA3048002B1688 /* HomeCore.swift in Sources */,
				123C243328AA3070002B1688 /* DetailCore.swift in Sources */,
			);
			runOnlyForDeploymentPostprocessing = 0;
		};
/* End PBXSourcesBuildPhase section */

/* Begin XCBuildConfiguration section */
		123C242028AA2E9E002B1688 /* Debug */ = {
			isa = XCBuildConfiguration;
			buildSettings = {
				ALWAYS_SEARCH_USER_PATHS = NO;
				CLANG_ANALYZER_NONNULL = YES;
				CLANG_ANALYZER_NUMBER_OBJECT_CONVERSION = YES_AGGRESSIVE;
				CLANG_CXX_LANGUAGE_STANDARD = "gnu++17";
				CLANG_ENABLE_MODULES = YES;
				CLANG_ENABLE_OBJC_ARC = YES;
				CLANG_ENABLE_OBJC_WEAK = YES;
				CLANG_WARN_BLOCK_CAPTURE_AUTORELEASING = YES;
				CLANG_WARN_BOOL_CONVERSION = YES;
				CLANG_WARN_COMMA = YES;
				CLANG_WARN_CONSTANT_CONVERSION = YES;
				CLANG_WARN_DEPRECATED_OBJC_IMPLEMENTATIONS = YES;
				CLANG_WARN_DIRECT_OBJC_ISA_USAGE = YES_ERROR;
				CLANG_WARN_DOCUMENTATION_COMMENTS = YES;
				CLANG_WARN_EMPTY_BODY = YES;
				CLANG_WARN_ENUM_CONVERSION = YES;
				CLANG_WARN_INFINITE_RECURSION = YES;
				CLANG_WARN_INT_CONVERSION = YES;
				CLANG_WARN_NON_LITERAL_NULL_CONVERSION = YES;
				CLANG_WARN_OBJC_IMPLICIT_RETAIN_SELF = YES;
				CLANG_WARN_OBJC_LITERAL_CONVERSION = YES;
				CLANG_WARN_OBJC_ROOT_CLASS = YES_ERROR;
				CLANG_WARN_QUOTED_INCLUDE_IN_FRAMEWORK_HEADER = YES;
				CLANG_WARN_RANGE_LOOP_ANALYSIS = YES;
				CLANG_WARN_STRICT_PROTOTYPES = YES;
				CLANG_WARN_SUSPICIOUS_MOVE = YES;
				CLANG_WARN_UNGUARDED_AVAILABILITY = YES_AGGRESSIVE;
				CLANG_WARN_UNREACHABLE_CODE = YES;
				CLANG_WARN__DUPLICATE_METHOD_MATCH = YES;
				COPY_PHASE_STRIP = NO;
				DEBUG_INFORMATION_FORMAT = dwarf;
				ENABLE_STRICT_OBJC_MSGSEND = YES;
				ENABLE_TESTABILITY = YES;
				GCC_C_LANGUAGE_STANDARD = gnu11;
				GCC_DYNAMIC_NO_PIC = NO;
				GCC_NO_COMMON_BLOCKS = YES;
				GCC_OPTIMIZATION_LEVEL = 0;
				GCC_PREPROCESSOR_DEFINITIONS = (
					"DEBUG=1",
					"$(inherited)",
				);
				GCC_WARN_64_TO_32_BIT_CONVERSION = YES;
				GCC_WARN_ABOUT_RETURN_TYPE = YES_ERROR;
				GCC_WARN_UNDECLARED_SELECTOR = YES;
				GCC_WARN_UNINITIALIZED_AUTOS = YES_AGGRESSIVE;
				GCC_WARN_UNUSED_FUNCTION = YES;
				GCC_WARN_UNUSED_VARIABLE = YES;
				IPHONEOS_DEPLOYMENT_TARGET = 15.5;
				MTL_ENABLE_DEBUG_INFO = INCLUDE_SOURCE;
				MTL_FAST_MATH = YES;
				ONLY_ACTIVE_ARCH = YES;
				SDKROOT = iphoneos;
				SWIFT_ACTIVE_COMPILATION_CONDITIONS = DEBUG;
				SWIFT_OPTIMIZATION_LEVEL = "-Onone";
			};
			name = Debug;
		};
		123C242128AA2E9E002B1688 /* Release */ = {
			isa = XCBuildConfiguration;
			buildSettings = {
				ALWAYS_SEARCH_USER_PATHS = NO;
				CLANG_ANALYZER_NONNULL = YES;
				CLANG_ANALYZER_NUMBER_OBJECT_CONVERSION = YES_AGGRESSIVE;
				CLANG_CXX_LANGUAGE_STANDARD = "gnu++17";
				CLANG_ENABLE_MODULES = YES;
				CLANG_ENABLE_OBJC_ARC = YES;
				CLANG_ENABLE_OBJC_WEAK = YES;
				CLANG_WARN_BLOCK_CAPTURE_AUTORELEASING = YES;
				CLANG_WARN_BOOL_CONVERSION = YES;
				CLANG_WARN_COMMA = YES;
				CLANG_WARN_CONSTANT_CONVERSION = YES;
				CLANG_WARN_DEPRECATED_OBJC_IMPLEMENTATIONS = YES;
				CLANG_WARN_DIRECT_OBJC_ISA_USAGE = YES_ERROR;
				CLANG_WARN_DOCUMENTATION_COMMENTS = YES;
				CLANG_WARN_EMPTY_BODY = YES;
				CLANG_WARN_ENUM_CONVERSION = YES;
				CLANG_WARN_INFINITE_RECURSION = YES;
				CLANG_WARN_INT_CONVERSION = YES;
				CLANG_WARN_NON_LITERAL_NULL_CONVERSION = YES;
				CLANG_WARN_OBJC_IMPLICIT_RETAIN_SELF = YES;
				CLANG_WARN_OBJC_LITERAL_CONVERSION = YES;
				CLANG_WARN_OBJC_ROOT_CLASS = YES_ERROR;
				CLANG_WARN_QUOTED_INCLUDE_IN_FRAMEWORK_HEADER = YES;
				CLANG_WARN_RANGE_LOOP_ANALYSIS = YES;
				CLANG_WARN_STRICT_PROTOTYPES = YES;
				CLANG_WARN_SUSPICIOUS_MOVE = YES;
				CLANG_WARN_UNGUARDED_AVAILABILITY = YES_AGGRESSIVE;
				CLANG_WARN_UNREACHABLE_CODE = YES;
				CLANG_WARN__DUPLICATE_METHOD_MATCH = YES;
				COPY_PHASE_STRIP = NO;
				DEBUG_INFORMATION_FORMAT = "dwarf-with-dsym";
				ENABLE_NS_ASSERTIONS = NO;
				ENABLE_STRICT_OBJC_MSGSEND = YES;
				GCC_C_LANGUAGE_STANDARD = gnu11;
				GCC_NO_COMMON_BLOCKS = YES;
				GCC_WARN_64_TO_32_BIT_CONVERSION = YES;
				GCC_WARN_ABOUT_RETURN_TYPE = YES_ERROR;
				GCC_WARN_UNDECLARED_SELECTOR = YES;
				GCC_WARN_UNINITIALIZED_AUTOS = YES_AGGRESSIVE;
				GCC_WARN_UNUSED_FUNCTION = YES;
				GCC_WARN_UNUSED_VARIABLE = YES;
				IPHONEOS_DEPLOYMENT_TARGET = 15.5;
				MTL_ENABLE_DEBUG_INFO = NO;
				MTL_FAST_MATH = YES;
				SDKROOT = iphoneos;
				SWIFT_COMPILATION_MODE = wholemodule;
				SWIFT_OPTIMIZATION_LEVEL = "-O";
				VALIDATE_PRODUCT = YES;
			};
			name = Release;
		};
		123C242328AA2E9E002B1688 /* Debug */ = {
			isa = XCBuildConfiguration;
			buildSettings = {
				ASSETCATALOG_COMPILER_APPICON_NAME = AppIcon;
				ASSETCATALOG_COMPILER_GLOBAL_ACCENT_COLOR_NAME = AccentColor;
				CODE_SIGN_STYLE = Automatic;
				CURRENT_PROJECT_VERSION = 1;
				DEVELOPMENT_ASSET_PATHS = "\"TCACoordinatorsPractice/Preview Content\"";
				ENABLE_PREVIEWS = YES;
				GENERATE_INFOPLIST_FILE = YES;
				INFOPLIST_KEY_UIApplicationSceneManifest_Generation = YES;
				INFOPLIST_KEY_UIApplicationSupportsIndirectInputEvents = YES;
				INFOPLIST_KEY_UILaunchScreen_Generation = YES;
				INFOPLIST_KEY_UISupportedInterfaceOrientations_iPad = "UIInterfaceOrientationPortrait UIInterfaceOrientationPortraitUpsideDown UIInterfaceOrientationLandscapeLeft UIInterfaceOrientationLandscapeRight";
				INFOPLIST_KEY_UISupportedInterfaceOrientations_iPhone = "UIInterfaceOrientationPortrait UIInterfaceOrientationLandscapeLeft UIInterfaceOrientationLandscapeRight";
				LD_RUNPATH_SEARCH_PATHS = (
					"$(inherited)",
					"@executable_path/Frameworks",
				);
				MARKETING_VERSION = 1.0;
				PRODUCT_BUNDLE_IDENTIFIER = com.green.TCACoordinatorsPractice;
				PRODUCT_NAME = "$(TARGET_NAME)";
				SWIFT_EMIT_LOC_STRINGS = YES;
				SWIFT_VERSION = 5.0;
				TARGETED_DEVICE_FAMILY = "1,2";
			};
			name = Debug;
		};
		123C242428AA2E9E002B1688 /* Release */ = {
			isa = XCBuildConfiguration;
			buildSettings = {
				ASSETCATALOG_COMPILER_APPICON_NAME = AppIcon;
				ASSETCATALOG_COMPILER_GLOBAL_ACCENT_COLOR_NAME = AccentColor;
				CODE_SIGN_STYLE = Automatic;
				CURRENT_PROJECT_VERSION = 1;
				DEVELOPMENT_ASSET_PATHS = "\"TCACoordinatorsPractice/Preview Content\"";
				ENABLE_PREVIEWS = YES;
				GENERATE_INFOPLIST_FILE = YES;
				INFOPLIST_KEY_UIApplicationSceneManifest_Generation = YES;
				INFOPLIST_KEY_UIApplicationSupportsIndirectInputEvents = YES;
				INFOPLIST_KEY_UILaunchScreen_Generation = YES;
				INFOPLIST_KEY_UISupportedInterfaceOrientations_iPad = "UIInterfaceOrientationPortrait UIInterfaceOrientationPortraitUpsideDown UIInterfaceOrientationLandscapeLeft UIInterfaceOrientationLandscapeRight";
				INFOPLIST_KEY_UISupportedInterfaceOrientations_iPhone = "UIInterfaceOrientationPortrait UIInterfaceOrientationLandscapeLeft UIInterfaceOrientationLandscapeRight";
				LD_RUNPATH_SEARCH_PATHS = (
					"$(inherited)",
					"@executable_path/Frameworks",
				);
				MARKETING_VERSION = 1.0;
				PRODUCT_BUNDLE_IDENTIFIER = com.green.TCACoordinatorsPractice;
				PRODUCT_NAME = "$(TARGET_NAME)";
				SWIFT_EMIT_LOC_STRINGS = YES;
				SWIFT_VERSION = 5.0;
				TARGETED_DEVICE_FAMILY = "1,2";
			};
			name = Release;
		};
/* End XCBuildConfiguration section */

/* Begin XCConfigurationList section */
		123C240F28AA2E9D002B1688 /* Build configuration list for PBXProject "TCACoordinatorsPractice" */ = {
			isa = XCConfigurationList;
			buildConfigurations = (
				123C242028AA2E9E002B1688 /* Debug */,
				123C242128AA2E9E002B1688 /* Release */,
			);
			defaultConfigurationIsVisible = 0;
			defaultConfigurationName = Release;
		};
		123C242228AA2E9E002B1688 /* Build configuration list for PBXNativeTarget "TCACoordinatorsPractice" */ = {
			isa = XCConfigurationList;
			buildConfigurations = (
				123C242328AA2E9E002B1688 /* Debug */,
				123C242428AA2E9E002B1688 /* Release */,
			);
			defaultConfigurationIsVisible = 0;
			defaultConfigurationName = Release;
		};
/* End XCConfigurationList section */

/* Begin XCRemoteSwiftPackageReference section */
		123C242828AA2F1F002B1688 /* XCRemoteSwiftPackageReference "TCACoordinators" */ = {
			isa = XCRemoteSwiftPackageReference;
			repositoryURL = "https://github.com/johnpatrickmorgan/TCACoordinators";
			requirement = {
				kind = upToNextMajorVersion;
				minimumVersion = 0.2.0;
			};
		};
/* End XCRemoteSwiftPackageReference section */

/* Begin XCSwiftPackageProductDependency section */
		123C242928AA2F1F002B1688 /* TCACoordinators */ = {
			isa = XCSwiftPackageProductDependency;
			package = 123C242828AA2F1F002B1688 /* XCRemoteSwiftPackageReference "TCACoordinators" */;
			productName = TCACoordinators;
		};
/* End XCSwiftPackageProductDependency section */
	};
	rootObject = 123C240C28AA2E9D002B1688 /* Project object */;
}
