{
  "pins" : [
    {
      "identity" : "popupview",
      "kind" : "remoteSourceControl",
      "location" : "https://github.com/exyte/PopupView.git",
      "state" : {
        "revision" : "ee306aede532d941c05ff8c63b3b0f3b8cc208cc",
        "version" : "2.0.1"
      }
    }
  ],
  "version" : 2
}
